{
  "name": "@anderjason/node-crypto",
  "version": "2.0.0",
  "lockfileVersion": 1,
  "requires": true,
  "dependencies": {
    "@anderjason/node-filesystem": {
      "version": "3.0.0",
      "resolved": "https://registry.npmjs.org/@anderjason/node-filesystem/-/node-filesystem-3.0.0.tgz",
      "integrity": "sha512-USQol0E8bwwCfnPRUQudt3wbgZV29oPYV0lBEyVmXAU3Zo1TnbnF4Acw2RIHSxSzNsad/fBbkC0xZQVHMybSIg==",
      "requires": {
        "@anderjason/time": "^3.0.0",
        "@anderjason/util": "^2.4.0"
      }
    },
    "@anderjason/tests": {
      "version": "1.0.1",
      "resolved": "https://registry.npmjs.org/@anderjason/tests/-/tests-1.0.1.tgz",
      "integrity": "sha512-cZe/kS4An3PzYGDTYorcYOj/xLsR+7YxMXmkBNX5Gi0GZzt5x+u2m4pyYSwOWU1LTqoStEqWeXyc0xtV5Dfx3A==",
      "requires": {
        "typescript": "^4.0.2"
      }
    },
    "@anderjason/time": {
      "version": "3.0.0",
      "resolved": "https://registry.npmjs.org/@anderjason/time/-/time-3.0.0.tgz",
      "integrity": "sha512-UyJokPNuUlknU6okp+PfUEQHGVTo7xQNOk2VOLcR8SdV4CRqLr19qBCpyIKjgQC1yuXioS7BLVixtm7NI3wjmg==",
      "requires": {
        "@anderjason/tests": "^1.0.1",
        "typescript": "^4.0.3"
      }
    },
    "@anderjason/util": {
      "version": "2.4.0",
      "resolved": "https://registry.npmjs.org/@anderjason/util/-/util-2.4.0.tgz",
      "integrity": "sha512-NzxF8p+o7997lET7wK8Xn8peFgtuONDG6llG0bb9vfnmqYXc4/dIBwstprYcmppAsKsnhOUWld/6tAszs1+Oqg==",
      "requires": {
        "@anderjason/tests": "^1.0.1",
        "typescript": "^4.3.4"
      }
    },
    "@types/node": {
      "version": "16.11.6",
      "resolved": "https://registry.npmjs.org/@types/node/-/node-16.11.6.tgz",
      "integrity": "sha512-ua7PgUoeQFjmWPcoo9khiPum3Pd60k4/2ZGXt18sm2Slk0W0xZTqt5Y0Ny1NyBiN1EVQ/+FaF9NcY4Qe6rwk5w==",
      "dev": true
    },
    "tweetnacl": {
      "version": "1.0.3",
      "resolved": "https://registry.npmjs.org/tweetnacl/-/tweetnacl-1.0.3.tgz",
      "integrity": "sha512-6rt+RN7aOi1nGMyC4Xa5DdYiukl2UWCbcJft7YhxReBGQD7OAM8Pbxw6YMo4r2diNEA8FEmu32YOn9rhaiE5yw=="
    },
    "typescript": {
      "version": "4.4.4",
      "resolved": "https://registry.npmjs.org/typescript/-/typescript-4.4.4.tgz",
      "integrity": "sha512-DqGhF5IKoBl8WNf8C1gu8q0xZSInh9j1kJJMqT3a94w1JzVaBU4EXOSMrz9yDqMT0xt3selp83fuFMQ0uzv6qA=="
    }
  }
}
